{
  "name": "react-no-sleep",
  "version": "1.0.2",
  "lockfileVersion": 1,
  "requires": true,
  "dependencies": {
    "nosleep.js": {
      "version": "https://github.com/Blakemcw/NoSleep.js/tarball/master",
      "integrity": "sha512-ncY/ISPKBr+Ail08Gp/DJg89pymVderad1NcdYAIPrytSkDxzq+7PFGWTAMphIH/k81a08lMhub+39OofcE40Q=="
    }
  }
}
